
Microsoft Visual Studio Solution File, Format Version 12.00
# Visual Studio 15
VisualStudioVersion = 15.0.27428.2015
MinimumVisualStudioVersion = 10.0.40219.1
Project("{FAE04EC0-301F-11D3-BF4B-00C04F79EFBC}") = "ChallengePostalCalculatorHelperMethods", "ChallengePostalCalculatorHelperMethods\ChallengePostalCalculatorHelperMethods.csproj", "{ECC4E9C1-ACF8-4908-B2A3-F7C91334B879}"
EndProject
Global
	GlobalSection(SolutionConfigurationPlatforms) = preSolution
		Debug|Any CPU = Debug|Any CPU
		Release|Any CPU = Release|Any CPU
	EndGlobalSection
	GlobalSection(ProjectConfigurationPlatforms) = postSolution
		{ECC4E9C1-ACF8-4908-B2A3-F7C91334B879}.Debug|Any CPU.ActiveCfg = Debug|Any CPU
		{ECC4E9C1-ACF8-4908-B2A3-F7C91334B879}.Debug|Any CPU.Build.0 = Debug|Any CPU
		{ECC4E9C1-ACF8-4908-B2A3-F7C91334B879}.Release|Any CPU.ActiveCfg = Release|Any CPU
		{ECC4E9C1-ACF8-4908-B2A3-F7C91334B879}.Release|Any CPU.Build.0 = Release|Any CPU
	EndGlobalSection
	GlobalSection(SolutionProperties) = preSolution
		HideSolutionNode = FALSE
	EndGlobalSection
	GlobalSection(ExtensibilityGlobals) = postSolution
		SolutionGuid = {F27F748E-6846-4676-835A-B7D0D0C4A197}
	EndGlobalSection
EndGlobal
